lockfileVersion: '6.0'

dependencies:
  '@prisma/client':
    specifier: 4.13.0
    version: 4.13.0(prisma@4.13.0)
  '@trpc/client':
    specifier: ^10.20.0
    version: 10.20.0(@trpc/server@10.20.0)
  '@trpc/server':
    specifier: ^10.20.0
    version: 10.20.0

devDependencies:
  prisma:
    specifier: ^4.13.0
    version: 4.13.0

packages:

  /@prisma/client@4.13.0(prisma@4.13.0):
    resolution: {integrity: sha512-YaiiICcRB2hatxsbnfB66uWXjcRw3jsZdlAVxmx0cFcTc/Ad/sKdHCcWSnqyDX47vAewkjRFwiLwrOUjswVvmA==}
    engines: {node: '>=14.17'}
    requiresBuild: true
    peerDependencies:
      prisma: '*'
    peerDependenciesMeta:
      prisma:
        optional: true
    dependencies:
      '@prisma/engines-version': 4.13.0-50.1e7af066ee9cb95cf3a403c78d9aab3e6b04f37a
      prisma: 4.13.0
    dev: false

  /@prisma/engines-version@4.13.0-50.1e7af066ee9cb95cf3a403c78d9aab3e6b04f37a:
    resolution: {integrity: sha512-fsQlbkhPJf08JOzKoyoD9atdUijuGBekwoOPZC3YOygXEml1MTtgXVpnUNchQlRSY82OQ6pSGQ9PxUe4arcSLQ==}
    dev: false

  /@prisma/engines@4.13.0:
    resolution: {integrity: sha512-HrniowHRZXHuGT9XRgoXEaP2gJLXM5RMoItaY2PkjvuZ+iHc0Zjbm/302MB8YsPdWozAPHHn+jpFEcEn71OgPw==}
    requiresBuild: true

  /@trpc/client@10.20.0(@trpc/server@10.20.0):
    resolution: {integrity: sha512-DER42PjIURSl1fwVnBzMWMgo4oxbyA72nIVpOliIpNArDYkZkr7kMfXmap2J7gwaKJNMC/V5xhYc06zG9r/8pQ==}
    peerDependencies:
      '@trpc/server': 10.20.0
    dependencies:
      '@trpc/server': 10.20.0
    dev: false

  /@trpc/server@10.20.0:
    resolution: {integrity: sha512-pbrdgw2mO8lWygyZjGLbOq/EoWFWEJvLaxp8JmGsivMIh/IZR5mksPJdywAGQ4TBrbcqssKhuoJ/8OE9mhaveg==}
    dev: false

  /prisma@4.13.0:
    resolution: {integrity: sha512-L9mqjnSmvWIRCYJ9mQkwCtj4+JDYYTdhoyo8hlsHNDXaZLh/b4hR0IoKIBbTKxZuyHQzLopb/+0Rvb69uGV7uA==}
    engines: {node: '>=14.17'}
    hasBin: true
    requiresBuild: true
    dependencies:
      '@prisma/engines': 4.13.0
